
Microsoft Visual Studio Solution File, Format Version 12.00
# Visual Studio Version 17
VisualStudioVersion = 17.9.34723.18
MinimumVisualStudioVersion = 10.0.40219.1
Project("{FAE04EC0-301F-11D3-BF4B-00C04F79EFBC}") = "WebApplication1", "WebApplication1\WebApplication1.csproj", "{ACD6BA90-84C5-476B-8ACA-009C7733C6E3}"
EndProject
Global
	GlobalSection(SolutionConfigurationPlatforms) = preSolution
		Debug|Any CPU = Debug|Any CPU
		Release|Any CPU = Release|Any CPU
	EndGlobalSection
	GlobalSection(ProjectConfigurationPlatforms) = postSolution
		{ACD6BA90-84C5-476B-8ACA-009C7733C6E3}.Debug|Any CPU.ActiveCfg = Debug|Any CPU
		{ACD6BA90-84C5-476B-8ACA-009C7733C6E3}.Debug|Any CPU.Build.0 = Debug|Any CPU
		{ACD6BA90-84C5-476B-8ACA-009C7733C6E3}.Release|Any CPU.ActiveCfg = Release|Any CPU
		{ACD6BA90-84C5-476B-8ACA-009C7733C6E3}.Release|Any CPU.Build.0 = Release|Any CPU
	EndGlobalSection
	GlobalSection(SolutionProperties) = preSolution
		HideSolutionNode = FALSE
	EndGlobalSection
	GlobalSection(ExtensibilityGlobals) = postSolution
		SolutionGuid = {73988A5E-07B1-46D6-9342-52EF0B4125D4}
	EndGlobalSection
EndGlobal
